
Microsoft Visual Studio Solution File, Format Version 12.00
# Visual Studio Version 16
VisualStudioVersion = 16.0.30114.105
MinimumVisualStudioVersion = 10.0.40219.1
Project("{2150E333-8FDC-42A3-9474-1A3956D46DE8}") = "src", "src", "{3FF403F0-F906-4F08-83FC-6152CE21EBB4}"
EndProject
Project("{FAE04EC0-301F-11D3-BF4B-00C04F79EFBC}") = "ToDoApp.API", "src\ToDoApp.API\ToDoApp.API.csproj", "{F0F94F48-7A8C-49E3-B487-F394B9B6BD65}"
EndProject
Project("{FAE04EC0-301F-11D3-BF4B-00C04F79EFBC}") = "ToDoApp.Application", "src\ToDoApp.Application\ToDoApp.Application.csproj", "{82B401FC-BACB-4EAF-A35E-B123384D102C}"
EndProject
Project("{FAE04EC0-301F-11D3-BF4B-00C04F79EFBC}") = "ToDoApp.Core", "src\ToDoApp.Core\ToDoApp.Core.csproj", "{6E8EDF20-55DE-4FDC-87F3-19F1583C4D6B}"
EndProject
Project("{FAE04EC0-301F-11D3-BF4B-00C04F79EFBC}") = "ToDoApp.Infrastructure", "src\ToDoApp.Infrastructure\ToDoApp.Infrastructure.csproj", "{9FBC5BC0-C8A8-4427-A19D-616AB379C41C}"
EndProject
Project("{2150E333-8FDC-42A3-9474-1A3956D46DE8}") = "tests", "tests", "{09352703-C791-4B50-80BF-494206407738}"
EndProject
Project("{FAE04EC0-301F-11D3-BF4B-00C04F79EFBC}") = "ToDoApp.Tests", "tests\ToDoApp.Tests\ToDoApp.Tests.csproj", "{833F509F-0A75-46C2-A80A-617B6BAE1EC4}"
EndProject
Global
	GlobalSection(SolutionConfigurationPlatforms) = preSolution
		Debug|Any CPU = Debug|Any CPU
		Debug|x64 = Debug|x64
		Debug|x86 = Debug|x86
		Release|Any CPU = Release|Any CPU
		Release|x64 = Release|x64
		Release|x86 = Release|x86
	EndGlobalSection
	GlobalSection(SolutionProperties) = preSolution
		HideSolutionNode = FALSE
	EndGlobalSection
	GlobalSection(ProjectConfigurationPlatforms) = postSolution
		{F0F94F48-7A8C-49E3-B487-F394B9B6BD65}.Debug|Any CPU.ActiveCfg = Debug|Any CPU
		{F0F94F48-7A8C-49E3-B487-F394B9B6BD65}.Debug|Any CPU.Build.0 = Debug|Any CPU
		{F0F94F48-7A8C-49E3-B487-F394B9B6BD65}.Debug|x64.ActiveCfg = Debug|Any CPU
		{F0F94F48-7A8C-49E3-B487-F394B9B6BD65}.Debug|x64.Build.0 = Debug|Any CPU
		{F0F94F48-7A8C-49E3-B487-F394B9B6BD65}.Debug|x86.ActiveCfg = Debug|Any CPU
		{F0F94F48-7A8C-49E3-B487-F394B9B6BD65}.Debug|x86.Build.0 = Debug|Any CPU
		{F0F94F48-7A8C-49E3-B487-F394B9B6BD65}.Release|Any CPU.ActiveCfg = Release|Any CPU
		{F0F94F48-7A8C-49E3-B487-F394B9B6BD65}.Release|Any CPU.Build.0 = Release|Any CPU
		{F0F94F48-7A8C-49E3-B487-F394B9B6BD65}.Release|x64.ActiveCfg = Release|Any CPU
		{F0F94F48-7A8C-49E3-B487-F394B9B6BD65}.Release|x64.Build.0 = Release|Any CPU
		{F0F94F48-7A8C-49E3-B487-F394B9B6BD65}.Release|x86.ActiveCfg = Release|Any CPU
		{F0F94F48-7A8C-49E3-B487-F394B9B6BD65}.Release|x86.Build.0 = Release|Any CPU
		{82B401FC-BACB-4EAF-A35E-B123384D102C}.Debug|Any CPU.ActiveCfg = Debug|Any CPU
		{82B401FC-BACB-4EAF-A35E-B123384D102C}.Debug|Any CPU.Build.0 = Debug|Any CPU
		{82B401FC-BACB-4EAF-A35E-B123384D102C}.Debug|x64.ActiveCfg = Debug|Any CPU
		{82B401FC-BACB-4EAF-A35E-B123384D102C}.Debug|x64.Build.0 = Debug|Any CPU
		{82B401FC-BACB-4EAF-A35E-B123384D102C}.Debug|x86.ActiveCfg = Debug|Any CPU
		{82B401FC-BACB-4EAF-A35E-B123384D102C}.Debug|x86.Build.0 = Debug|Any CPU
		{82B401FC-BACB-4EAF-A35E-B123384D102C}.Release|Any CPU.ActiveCfg = Release|Any CPU
		{82B401FC-BACB-4EAF-A35E-B123384D102C}.Release|Any CPU.Build.0 = Release|Any CPU
		{82B401FC-BACB-4EAF-A35E-B123384D102C}.Release|x64.ActiveCfg = Release|Any CPU
		{82B401FC-BACB-4EAF-A35E-B123384D102C}.Release|x64.Build.0 = Release|Any CPU
		{82B401FC-BACB-4EAF-A35E-B123384D102C}.Release|x86.ActiveCfg = Release|Any CPU
		{82B401FC-BACB-4EAF-A35E-B123384D102C}.Release|x86.Build.0 = Release|Any CPU
		{6E8EDF20-55DE-4FDC-87F3-19F1583C4D6B}.Debug|Any CPU.ActiveCfg = Debug|Any CPU
		{6E8EDF20-55DE-4FDC-87F3-19F1583C4D6B}.Debug|Any CPU.Build.0 = Debug|Any CPU
		{6E8EDF20-55DE-4FDC-87F3-19F1583C4D6B}.Debug|x64.ActiveCfg = Debug|Any CPU
		{6E8EDF20-55DE-4FDC-87F3-19F1583C4D6B}.Debug|x64.Build.0 = Debug|Any CPU
		{6E8EDF20-55DE-4FDC-87F3-19F1583C4D6B}.Debug|x86.ActiveCfg = Debug|Any CPU
		{6E8EDF20-55DE-4FDC-87F3-19F1583C4D6B}.Debug|x86.Build.0 = Debug|Any CPU
		{6E8EDF20-55DE-4FDC-87F3-19F1583C4D6B}.Release|Any CPU.ActiveCfg = Release|Any CPU
		{6E8EDF20-55DE-4FDC-87F3-19F1583C4D6B}.Release|Any CPU.Build.0 = Release|Any CPU
		{6E8EDF20-55DE-4FDC-87F3-19F1583C4D6B}.Release|x64.ActiveCfg = Release|Any CPU
		{6E8EDF20-55DE-4FDC-87F3-19F1583C4D6B}.Release|x64.Build.0 = Release|Any CPU
		{6E8EDF20-55DE-4FDC-87F3-19F1583C4D6B}.Release|x86.ActiveCfg = Release|Any CPU
		{6E8EDF20-55DE-4FDC-87F3-19F1583C4D6B}.Release|x86.Build.0 = Release|Any CPU
		{9FBC5BC0-C8A8-4427-A19D-616AB379C41C}.Debug|Any CPU.ActiveCfg = Debug|Any CPU
		{9FBC5BC0-C8A8-4427-A19D-616AB379C41C}.Debug|Any CPU.Build.0 = Debug|Any CPU
		{9FBC5BC0-C8A8-4427-A19D-616AB379C41C}.Debug|x64.ActiveCfg = Debug|Any CPU
		{9FBC5BC0-C8A8-4427-A19D-616AB379C41C}.Debug|x64.Build.0 = Debug|Any CPU
		{9FBC5BC0-C8A8-4427-A19D-616AB379C41C}.Debug|x86.ActiveCfg = Debug|Any CPU
		{9FBC5BC0-C8A8-4427-A19D-616AB379C41C}.Debug|x86.Build.0 = Debug|Any CPU
		{9FBC5BC0-C8A8-4427-A19D-616AB379C41C}.Release|Any CPU.ActiveCfg = Release|Any CPU
		{9FBC5BC0-C8A8-4427-A19D-616AB379C41C}.Release|Any CPU.Build.0 = Release|Any CPU
		{9FBC5BC0-C8A8-4427-A19D-616AB379C41C}.Release|x64.ActiveCfg = Release|Any CPU
		{9FBC5BC0-C8A8-4427-A19D-616AB379C41C}.Release|x64.Build.0 = Release|Any CPU
		{9FBC5BC0-C8A8-4427-A19D-616AB379C41C}.Release|x86.ActiveCfg = Release|Any CPU
		{9FBC5BC0-C8A8-4427-A19D-616AB379C41C}.Release|x86.Build.0 = Release|Any CPU
		{833F509F-0A75-46C2-A80A-617B6BAE1EC4}.Debug|Any CPU.ActiveCfg = Debug|Any CPU
		{833F509F-0A75-46C2-A80A-617B6BAE1EC4}.Debug|Any CPU.Build.0 = Debug|Any CPU
		{833F509F-0A75-46C2-A80A-617B6BAE1EC4}.Debug|x64.ActiveCfg = Debug|Any CPU
		{833F509F-0A75-46C2-A80A-617B6BAE1EC4}.Debug|x64.Build.0 = Debug|Any CPU
		{833F509F-0A75-46C2-A80A-617B6BAE1EC4}.Debug|x86.ActiveCfg = Debug|Any CPU
		{833F509F-0A75-46C2-A80A-617B6BAE1EC4}.Debug|x86.Build.0 = Debug|Any CPU
		{833F509F-0A75-46C2-A80A-617B6BAE1EC4}.Release|Any CPU.ActiveCfg = Release|Any CPU
		{833F509F-0A75-46C2-A80A-617B6BAE1EC4}.Release|Any CPU.Build.0 = Release|Any CPU
		{833F509F-0A75-46C2-A80A-617B6BAE1EC4}.Release|x64.ActiveCfg = Release|Any CPU
		{833F509F-0A75-46C2-A80A-617B6BAE1EC4}.Release|x64.Build.0 = Release|Any CPU
		{833F509F-0A75-46C2-A80A-617B6BAE1EC4}.Release|x86.ActiveCfg = Release|Any CPU
		{833F509F-0A75-46C2-A80A-617B6BAE1EC4}.Release|x86.Build.0 = Release|Any CPU
	EndGlobalSection
	GlobalSection(NestedProjects) = preSolution
		{F0F94F48-7A8C-49E3-B487-F394B9B6BD65} = {3FF403F0-F906-4F08-83FC-6152CE21EBB4}
		{82B401FC-BACB-4EAF-A35E-B123384D102C} = {3FF403F0-F906-4F08-83FC-6152CE21EBB4}
		{6E8EDF20-55DE-4FDC-87F3-19F1583C4D6B} = {3FF403F0-F906-4F08-83FC-6152CE21EBB4}
		{9FBC5BC0-C8A8-4427-A19D-616AB379C41C} = {3FF403F0-F906-4F08-83FC-6152CE21EBB4}
		{833F509F-0A75-46C2-A80A-617B6BAE1EC4} = {09352703-C791-4B50-80BF-494206407738}
	EndGlobalSection
EndGlobal
